// !$*UTF8*$!
{
	archiveVersion = 1;
	classes = {
	};
	objectVersion = 55;
	objects = {

/* Begin PBXBuildFile section */
		0E272D2928678C35001FB103 /* AppDelegate.swift in Sources */ = {isa = PBXBuildFile; fileRef = 0E272D2828678C35001FB103 /* AppDelegate.swift */; };
		0E272D2B28678C35001FB103 /* SceneDelegate.swift in Sources */ = {isa = PBXBuildFile; fileRef = 0E272D2A28678C35001FB103 /* SceneDelegate.swift */; };
		0E272D3228678C3C001FB103 /* Assets.xcassets in Resources */ = {isa = PBXBuildFile; fileRef = 0E272D3128678C3C001FB103 /* Assets.xcassets */; };
		0E272D3528678C3C001FB103 /* LaunchScreen.storyboard in Resources */ = {isa = PBXBuildFile; fileRef = 0E272D3328678C3C001FB103 /* LaunchScreen.storyboard */; };
		0E272D3D286796A5001FB103 /* SearchVC.swift in Sources */ = {isa = PBXBuildFile; fileRef = 0E272D3C286796A5001FB103 /* SearchVC.swift */; };
		0E272D3F286796C6001FB103 /* FavoritesListVC.swift in Sources */ = {isa = PBXBuildFile; fileRef = 0E272D3E286796C6001FB103 /* FavoritesListVC.swift */; };
		0E272D4128679B0E001FB103 /* GFButton.swift in Sources */ = {isa = PBXBuildFile; fileRef = 0E272D4028679B0E001FB103 /* GFButton.swift */; };
		0EEDB6172867A08700AF3A60 /* GFTextField.swift in Sources */ = {isa = PBXBuildFile; fileRef = 0EEDB6162867A08700AF3A60 /* GFTextField.swift */; };
		0EEDB6192867ACB200AF3A60 /* FollowerListVC.swift in Sources */ = {isa = PBXBuildFile; fileRef = 0EEDB6182867ACB200AF3A60 /* FollowerListVC.swift */; };
		0EEDB61B2867B7AD00AF3A60 /* GFTitleLabel.swift in Sources */ = {isa = PBXBuildFile; fileRef = 0EEDB61A2867B7AD00AF3A60 /* GFTitleLabel.swift */; };
		0EEDB61D2867B8F600AF3A60 /* GFBodyLabel.swift in Sources */ = {isa = PBXBuildFile; fileRef = 0EEDB61C2867B8F600AF3A60 /* GFBodyLabel.swift */; };
		0EEDB61F2867B9AB00AF3A60 /* GFAlertVC.swift in Sources */ = {isa = PBXBuildFile; fileRef = 0EEDB61E2867B9AB00AF3A60 /* GFAlertVC.swift */; };
		0EEDB6212867C03F00AF3A60 /* UIViewController+Ext.swift in Sources */ = {isa = PBXBuildFile; fileRef = 0EEDB6202867C03F00AF3A60 /* UIViewController+Ext.swift */; };
		0EEDB6282867DA9F00AF3A60 /* Follower.swift in Sources */ = {isa = PBXBuildFile; fileRef = 0EEDB6272867DA9F00AF3A60 /* Follower.swift */; };
		0EEDB62A2867DB6700AF3A60 /* User.swift in Sources */ = {isa = PBXBuildFile; fileRef = 0EEDB6292867DB6700AF3A60 /* User.swift */; };
		0EEDB62D2867DF2400AF3A60 /* NetworkManager.swift in Sources */ = {isa = PBXBuildFile; fileRef = 0EEDB62C2867DF2400AF3A60 /* NetworkManager.swift */; };
		0EEDB6302868031100AF3A60 /* ErrorMessage.swift in Sources */ = {isa = PBXBuildFile; fileRef = 0EEDB62F2868031100AF3A60 /* ErrorMessage.swift */; };
		0EEDB6332868082B00AF3A60 /* FollowerCell.swift in Sources */ = {isa = PBXBuildFile; fileRef = 0EEDB6322868082B00AF3A60 /* FollowerCell.swift */; };
		0EEDB6352868089F00AF3A60 /* GFAvatarImageView.swift in Sources */ = {isa = PBXBuildFile; fileRef = 0EEDB6342868089F00AF3A60 /* GFAvatarImageView.swift */; };
/* End PBXBuildFile section */

/* Begin PBXFileReference section */
		0E272D2528678C35001FB103 /* GitHubFollowers.app */ = {isa = PBXFileReference; explicitFileType = wrapper.application; includeInIndex = 0; path = GitHubFollowers.app; sourceTree = BUILT_PRODUCTS_DIR; };
		0E272D2828678C35001FB103 /* AppDelegate.swift */ = {isa = PBXFileReference; lastKnownFileType = sourcecode.swift; path = AppDelegate.swift; sourceTree = "<group>"; };
		0E272D2A28678C35001FB103 /* SceneDelegate.swift */ = {isa = PBXFileReference; lastKnownFileType = sourcecode.swift; path = SceneDelegate.swift; sourceTree = "<group>"; };
		0E272D3128678C3C001FB103 /* Assets.xcassets */ = {isa = PBXFileReference; lastKnownFileType = folder.assetcatalog; path = Assets.xcassets; sourceTree = "<group>"; };
		0E272D3428678C3C001FB103 /* Base */ = {isa = PBXFileReference; lastKnownFileType = file.storyboard; name = Base; path = Base.lproj/LaunchScreen.storyboard; sourceTree = "<group>"; };
		0E272D3628678C3C001FB103 /* Info.plist */ = {isa = PBXFileReference; lastKnownFileType = text.plist.xml; path = Info.plist; sourceTree = "<group>"; };
		0E272D3C286796A5001FB103 /* SearchVC.swift */ = {isa = PBXFileReference; lastKnownFileType = sourcecode.swift; path = SearchVC.swift; sourceTree = "<group>"; };
		0E272D3E286796C6001FB103 /* FavoritesListVC.swift */ = {isa = PBXFileReference; lastKnownFileType = sourcecode.swift; path = FavoritesListVC.swift; sourceTree = "<group>"; };
		0E272D4028679B0E001FB103 /* GFButton.swift */ = {isa = PBXFileReference; lastKnownFileType = sourcecode.swift; path = GFButton.swift; sourceTree = "<group>"; };
		0EEDB6162867A08700AF3A60 /* GFTextField.swift */ = {isa = PBXFileReference; lastKnownFileType = sourcecode.swift; path = GFTextField.swift; sourceTree = "<group>"; };
		0EEDB6182867ACB200AF3A60 /* FollowerListVC.swift */ = {isa = PBXFileReference; lastKnownFileType = sourcecode.swift; path = FollowerListVC.swift; sourceTree = "<group>"; };
		0EEDB61A2867B7AD00AF3A60 /* GFTitleLabel.swift */ = {isa = PBXFileReference; lastKnownFileType = sourcecode.swift; path = GFTitleLabel.swift; sourceTree = "<group>"; };
		0EEDB61C2867B8F600AF3A60 /* GFBodyLabel.swift */ = {isa = PBXFileReference; lastKnownFileType = sourcecode.swift; path = GFBodyLabel.swift; sourceTree = "<group>"; };
		0EEDB61E2867B9AB00AF3A60 /* GFAlertVC.swift */ = {isa = PBXFileReference; lastKnownFileType = sourcecode.swift; path = GFAlertVC.swift; sourceTree = "<group>"; };
		0EEDB6202867C03F00AF3A60 /* UIViewController+Ext.swift */ = {isa = PBXFileReference; lastKnownFileType = sourcecode.swift; path = "UIViewController+Ext.swift"; sourceTree = "<group>"; };
		0EEDB6272867DA9F00AF3A60 /* Follower.swift */ = {isa = PBXFileReference; lastKnownFileType = sourcecode.swift; path = Follower.swift; sourceTree = "<group>"; };
		0EEDB6292867DB6700AF3A60 /* User.swift */ = {isa = PBXFileReference; lastKnownFileType = sourcecode.swift; path = User.swift; sourceTree = "<group>"; };
		0EEDB62C2867DF2400AF3A60 /* NetworkManager.swift */ = {isa = PBXFileReference; lastKnownFileType = sourcecode.swift; path = NetworkManager.swift; sourceTree = "<group>"; };
		0EEDB62F2868031100AF3A60 /* ErrorMessage.swift */ = {isa = PBXFileReference; lastKnownFileType = sourcecode.swift; path = ErrorMessage.swift; sourceTree = "<group>"; };
		0EEDB6322868082B00AF3A60 /* FollowerCell.swift */ = {isa = PBXFileReference; lastKnownFileType = sourcecode.swift; path = FollowerCell.swift; sourceTree = "<group>"; };
		0EEDB6342868089F00AF3A60 /* GFAvatarImageView.swift */ = {isa = PBXFileReference; lastKnownFileType = sourcecode.swift; path = GFAvatarImageView.swift; sourceTree = "<group>"; };
/* End PBXFileReference section */

/* Begin PBXFrameworksBuildPhase section */
		0E272D2228678C35001FB103 /* Frameworks */ = {
			isa = PBXFrameworksBuildPhase;
			buildActionMask = 2147483647;
			files = (
			);
			runOnlyForDeploymentPostprocessing = 0;
		};
/* End PBXFrameworksBuildPhase section */

/* Begin PBXGroup section */
		0E272D1C28678C35001FB103 = {
			isa = PBXGroup;
			children = (
				0E272D2728678C35001FB103 /* GitHubFollowers */,
				0E272D2628678C35001FB103 /* Products */,
			);
			sourceTree = "<group>";
		};
		0E272D2628678C35001FB103 /* Products */ = {
			isa = PBXGroup;
			children = (
				0E272D2528678C35001FB103 /* GitHubFollowers.app */,
			);
			name = Products;
			sourceTree = "<group>";
		};
		0E272D2728678C35001FB103 /* GitHubFollowers */ = {
			isa = PBXGroup;
			children = (
				0EEDB62E286802FF00AF3A60 /* Utilities */,
				0EEDB62B2867DF0D00AF3A60 /* Managers */,
				0EEDB6262867DA9300AF3A60 /* Model */,
				0E272D3628678C3C001FB103 /* Info.plist */,
				0EEDB6252867C3CF00AF3A60 /* Support */,
				0EEDB6242867C36F00AF3A60 /* Extensions */,
				0EEDB6232867C33B00AF3A60 /* Custom Views */,
				0EEDB6222867C2ED00AF3A60 /* Screens */,
			);
			path = GitHubFollowers;
			sourceTree = "<group>";
		};
		0EEDB6222867C2ED00AF3A60 /* Screens */ = {
			isa = PBXGroup;
			children = (
				0E272D3C286796A5001FB103 /* SearchVC.swift */,
				0E272D3E286796C6001FB103 /* FavoritesListVC.swift */,
				0EEDB6182867ACB200AF3A60 /* FollowerListVC.swift */,
			);
			path = Screens;
			sourceTree = "<group>";
		};
		0EEDB6232867C33B00AF3A60 /* Custom Views */ = {
			isa = PBXGroup;
			children = (
				0EEDB6312868080800AF3A60 /* Cells */,
				0EEDB61E2867B9AB00AF3A60 /* GFAlertVC.swift */,
				0E272D4028679B0E001FB103 /* GFButton.swift */,
				0EEDB6162867A08700AF3A60 /* GFTextField.swift */,
				0EEDB61A2867B7AD00AF3A60 /* GFTitleLabel.swift */,
				0EEDB61C2867B8F600AF3A60 /* GFBodyLabel.swift */,
				0EEDB6342868089F00AF3A60 /* GFAvatarImageView.swift */,
			);
			path = "Custom Views";
			sourceTree = "<group>";
		};
		0EEDB6242867C36F00AF3A60 /* Extensions */ = {
			isa = PBXGroup;
			children = (
				0EEDB6202867C03F00AF3A60 /* UIViewController+Ext.swift */,
			);
			path = Extensions;
			sourceTree = "<group>";
		};
		0EEDB6252867C3CF00AF3A60 /* Support */ = {
			isa = PBXGroup;
			children = (
				0E272D2828678C35001FB103 /* AppDelegate.swift */,
				0E272D2A28678C35001FB103 /* SceneDelegate.swift */,
				0E272D3128678C3C001FB103 /* Assets.xcassets */,
				0E272D3328678C3C001FB103 /* LaunchScreen.storyboard */,
			);
			path = Support;
			sourceTree = "<group>";
		};
		0EEDB6262867DA9300AF3A60 /* Model */ = {
			isa = PBXGroup;
			children = (
				0EEDB6272867DA9F00AF3A60 /* Follower.swift */,
				0EEDB6292867DB6700AF3A60 /* User.swift */,
			);
			path = Model;
			sourceTree = "<group>";
		};
		0EEDB62B2867DF0D00AF3A60 /* Managers */ = {
			isa = PBXGroup;
			children = (
				0EEDB62C2867DF2400AF3A60 /* NetworkManager.swift */,
			);
			path = Managers;
			sourceTree = "<group>";
		};
		0EEDB62E286802FF00AF3A60 /* Utilities */ = {
			isa = PBXGroup;
			children = (
				0EEDB62F2868031100AF3A60 /* ErrorMessage.swift */,
			);
			path = Utilities;
			sourceTree = "<group>";
		};
		0EEDB6312868080800AF3A60 /* Cells */ = {
			isa = PBXGroup;
			children = (
				0EEDB6322868082B00AF3A60 /* FollowerCell.swift */,
			);
			path = Cells;
			sourceTree = "<group>";
		};
/* End PBXGroup section */

/* Begin PBXNativeTarget section */
		0E272D2428678C35001FB103 /* GitHubFollowers */ = {
			isa = PBXNativeTarget;
			buildConfigurationList = 0E272D3928678C3C001FB103 /* Build configuration list for PBXNativeTarget "GitHubFollowers" */;
			buildPhases = (
				0E272D2128678C35001FB103 /* Sources */,
				0E272D2228678C35001FB103 /* Frameworks */,
				0E272D2328678C35001FB103 /* Resources */,
			);
			buildRules = (
			);
			dependencies = (
			);
			name = GitHubFollowers;
			productName = GitHubFollowers;
			productReference = 0E272D2528678C35001FB103 /* GitHubFollowers.app */;
			productType = "com.apple.product-type.application";
		};
/* End PBXNativeTarget section */

/* Begin PBXProject section */
		0E272D1D28678C35001FB103 /* Project object */ = {
			isa = PBXProject;
			attributes = {
				BuildIndependentTargetsInParallel = 1;
				LastSwiftUpdateCheck = 1340;
				LastUpgradeCheck = 1340;
				TargetAttributes = {
					0E272D2428678C35001FB103 = {
						CreatedOnToolsVersion = 13.4.1;
					};
				};
			};
			buildConfigurationList = 0E272D2028678C35001FB103 /* Build configuration list for PBXProject "GitHubFollowers" */;
			compatibilityVersion = "Xcode 13.0";
			developmentRegion = en;
			hasScannedForEncodings = 0;
			knownRegions = (
				en,
				Base,
			);
			mainGroup = 0E272D1C28678C35001FB103;
			productRefGroup = 0E272D2628678C35001FB103 /* Products */;
			projectDirPath = "";
			projectRoot = "";
			targets = (
				0E272D2428678C35001FB103 /* GitHubFollowers */,
			);
		};
/* End PBXProject section */

/* Begin PBXResourcesBuildPhase section */
		0E272D2328678C35001FB103 /* Resources */ = {
			isa = PBXResourcesBuildPhase;
			buildActionMask = 2147483647;
			files = (
				0E272D3528678C3C001FB103 /* LaunchScreen.storyboard in Resources */,
				0E272D3228678C3C001FB103 /* Assets.xcassets in Resources */,
			);
			runOnlyForDeploymentPostprocessing = 0;
		};
/* End PBXResourcesBuildPhase section */

/* Begin PBXSourcesBuildPhase section */
		0E272D2128678C35001FB103 /* Sources */ = {
			isa = PBXSourcesBuildPhase;
			buildActionMask = 2147483647;
			files = (
				0EEDB62A2867DB6700AF3A60 /* User.swift in Sources */,
				0EEDB6172867A08700AF3A60 /* GFTextField.swift in Sources */,
				0E272D3F286796C6001FB103 /* FavoritesListVC.swift in Sources */,
				0E272D4128679B0E001FB103 /* GFButton.swift in Sources */,
				0EEDB6212867C03F00AF3A60 /* UIViewController+Ext.swift in Sources */,
				0EEDB6352868089F00AF3A60 /* GFAvatarImageView.swift in Sources */,
				0E272D3D286796A5001FB103 /* SearchVC.swift in Sources */,
				0EEDB61F2867B9AB00AF3A60 /* GFAlertVC.swift in Sources */,
				0EEDB6332868082B00AF3A60 /* FollowerCell.swift in Sources */,
				0EEDB6302868031100AF3A60 /* ErrorMessage.swift in Sources */,
				0EEDB61D2867B8F600AF3A60 /* GFBodyLabel.swift in Sources */,
				0EEDB6282867DA9F00AF3A60 /* Follower.swift in Sources */,
				0EEDB61B2867B7AD00AF3A60 /* GFTitleLabel.swift in Sources */,
				0EEDB62D2867DF2400AF3A60 /* NetworkManager.swift in Sources */,
				0EEDB6192867ACB200AF3A60 /* FollowerListVC.swift in Sources */,
				0E272D2928678C35001FB103 /* AppDelegate.swift in Sources */,
				0E272D2B28678C35001FB103 /* SceneDelegate.swift in Sources */,
			);
			runOnlyForDeploymentPostprocessing = 0;
		};
/* End PBXSourcesBuildPhase section */

/* Begin PBXVariantGroup section */
		0E272D3328678C3C001FB103 /* LaunchScreen.storyboard */ = {
			isa = PBXVariantGroup;
			children = (
				0E272D3428678C3C001FB103 /* Base */,
			);
			name = LaunchScreen.storyboard;
			sourceTree = "<group>";
		};
/* End PBXVariantGroup section */

/* Begin XCBuildConfiguration section */
		0E272D3728678C3C001FB103 /* Debug */ = {
			isa = XCBuildConfiguration;
			buildSettings = {
				ALWAYS_SEARCH_USER_PATHS = NO;
				CLANG_ANALYZER_NONNULL = YES;
				CLANG_ANALYZER_NUMBER_OBJECT_CONVERSION = YES_AGGRESSIVE;
				CLANG_CXX_LANGUAGE_STANDARD = "gnu++17";
				CLANG_ENABLE_MODULES = YES;
				CLANG_ENABLE_OBJC_ARC = YES;
				CLANG_ENABLE_OBJC_WEAK = YES;
				CLANG_WARN_BLOCK_CAPTURE_AUTORELEASING = YES;
				CLANG_WARN_BOOL_CONVERSION = YES;
				CLANG_WARN_COMMA = YES;
				CLANG_WARN_CONSTANT_CONVERSION = YES;
				CLANG_WARN_DEPRECATED_OBJC_IMPLEMENTATIONS = YES;
				CLANG_WARN_DIRECT_OBJC_ISA_USAGE = YES_ERROR;
				CLANG_WARN_DOCUMENTATION_COMMENTS = YES;
				CLANG_WARN_EMPTY_BODY = YES;
				CLANG_WARN_ENUM_CONVERSION = YES;
				CLANG_WARN_INFINITE_RECURSION = YES;
				CLANG_WARN_INT_CONVERSION = YES;
				CLANG_WARN_NON_LITERAL_NULL_CONVERSION = YES;
				CLANG_WARN_OBJC_IMPLICIT_RETAIN_SELF = YES;
				CLANG_WARN_OBJC_LITERAL_CONVERSION = YES;
				CLANG_WARN_OBJC_ROOT_CLASS = YES_ERROR;
				CLANG_WARN_QUOTED_INCLUDE_IN_FRAMEWORK_HEADER = YES;
				CLANG_WARN_RANGE_LOOP_ANALYSIS = YES;
				CLANG_WARN_STRICT_PROTOTYPES = YES;
				CLANG_WARN_SUSPICIOUS_MOVE = YES;
				CLANG_WARN_UNGUARDED_AVAILABILITY = YES_AGGRESSIVE;
				CLANG_WARN_UNREACHABLE_CODE = YES;
				CLANG_WARN__DUPLICATE_METHOD_MATCH = YES;
				COPY_PHASE_STRIP = NO;
				DEBUG_INFORMATION_FORMAT = dwarf;
				ENABLE_STRICT_OBJC_MSGSEND = YES;
				ENABLE_TESTABILITY = YES;
				GCC_C_LANGUAGE_STANDARD = gnu11;
				GCC_DYNAMIC_NO_PIC = NO;
				GCC_NO_COMMON_BLOCKS = YES;
				GCC_OPTIMIZATION_LEVEL = 0;
				GCC_PREPROCESSOR_DEFINITIONS = (
					"DEBUG=1",
					"$(inherited)",
				);
				GCC_WARN_64_TO_32_BIT_CONVERSION = YES;
				GCC_WARN_ABOUT_RETURN_TYPE = YES_ERROR;
				GCC_WARN_UNDECLARED_SELECTOR = YES;
				GCC_WARN_UNINITIALIZED_AUTOS = YES_AGGRESSIVE;
				GCC_WARN_UNUSED_FUNCTION = YES;
				GCC_WARN_UNUSED_VARIABLE = YES;
				IPHONEOS_DEPLOYMENT_TARGET = 14.0;
				MTL_ENABLE_DEBUG_INFO = INCLUDE_SOURCE;
				MTL_FAST_MATH = YES;
				ONLY_ACTIVE_ARCH = YES;
				SDKROOT = iphoneos;
				SWIFT_ACTIVE_COMPILATION_CONDITIONS = DEBUG;
				SWIFT_OPTIMIZATION_LEVEL = "-Onone";
			};
			name = Debug;
		};
		0E272D3828678C3C001FB103 /* Release */ = {
			isa = XCBuildConfiguration;
			buildSettings = {
				ALWAYS_SEARCH_USER_PATHS = NO;
				CLANG_ANALYZER_NONNULL = YES;
				CLANG_ANALYZER_NUMBER_OBJECT_CONVERSION = YES_AGGRESSIVE;
				CLANG_CXX_LANGUAGE_STANDARD = "gnu++17";
				CLANG_ENABLE_MODULES = YES;
				CLANG_ENABLE_OBJC_ARC = YES;
				CLANG_ENABLE_OBJC_WEAK = YES;
				CLANG_WARN_BLOCK_CAPTURE_AUTORELEASING = YES;
				CLANG_WARN_BOOL_CONVERSION = YES;
				CLANG_WARN_COMMA = YES;
				CLANG_WARN_CONSTANT_CONVERSION = YES;
				CLANG_WARN_DEPRECATED_OBJC_IMPLEMENTATIONS = YES;
				CLANG_WARN_DIRECT_OBJC_ISA_USAGE = YES_ERROR;
				CLANG_WARN_DOCUMENTATION_COMMENTS = YES;
				CLANG_WARN_EMPTY_BODY = YES;
				CLANG_WARN_ENUM_CONVERSION = YES;
				CLANG_WARN_INFINITE_RECURSION = YES;
				CLANG_WARN_INT_CONVERSION = YES;
				CLANG_WARN_NON_LITERAL_NULL_CONVERSION = YES;
				CLANG_WARN_OBJC_IMPLICIT_RETAIN_SELF = YES;
				CLANG_WARN_OBJC_LITERAL_CONVERSION = YES;
				CLANG_WARN_OBJC_ROOT_CLASS = YES_ERROR;
				CLANG_WARN_QUOTED_INCLUDE_IN_FRAMEWORK_HEADER = YES;
				CLANG_WARN_RANGE_LOOP_ANALYSIS = YES;
				CLANG_WARN_STRICT_PROTOTYPES = YES;
				CLANG_WARN_SUSPICIOUS_MOVE = YES;
				CLANG_WARN_UNGUARDED_AVAILABILITY = YES_AGGRESSIVE;
				CLANG_WARN_UNREACHABLE_CODE = YES;
				CLANG_WARN__DUPLICATE_METHOD_MATCH = YES;
				COPY_PHASE_STRIP = NO;
				DEBUG_INFORMATION_FORMAT = "dwarf-with-dsym";
				ENABLE_NS_ASSERTIONS = NO;
				ENABLE_STRICT_OBJC_MSGSEND = YES;
				GCC_C_LANGUAGE_STANDARD = gnu11;
				GCC_NO_COMMON_BLOCKS = YES;
				GCC_WARN_64_TO_32_BIT_CONVERSION = YES;
				GCC_WARN_ABOUT_RETURN_TYPE = YES_ERROR;
				GCC_WARN_UNDECLARED_SELECTOR = YES;
				GCC_WARN_UNINITIALIZED_AUTOS = YES_AGGRESSIVE;
				GCC_WARN_UNUSED_FUNCTION = YES;
				GCC_WARN_UNUSED_VARIABLE = YES;
				IPHONEOS_DEPLOYMENT_TARGET = 14.0;
				MTL_ENABLE_DEBUG_INFO = NO;
				MTL_FAST_MATH = YES;
				SDKROOT = iphoneos;
				SWIFT_COMPILATION_MODE = wholemodule;
				SWIFT_OPTIMIZATION_LEVEL = "-O";
				VALIDATE_PRODUCT = YES;
			};
			name = Release;
		};
		0E272D3A28678C3C001FB103 /* Debug */ = {
			isa = XCBuildConfiguration;
			buildSettings = {
				ASSETCATALOG_COMPILER_APPICON_NAME = AppIcon;
				ASSETCATALOG_COMPILER_GLOBAL_ACCENT_COLOR_NAME = AccentColor;
				CODE_SIGN_STYLE = Automatic;
				CURRENT_PROJECT_VERSION = 1;
				DEVELOPMENT_TEAM = Q6A28X826V;
				GENERATE_INFOPLIST_FILE = YES;
				INFOPLIST_FILE = GitHubFollowers/Info.plist;
				INFOPLIST_KEY_UIApplicationSupportsIndirectInputEvents = YES;
				INFOPLIST_KEY_UILaunchStoryboardName = LaunchScreen;
				INFOPLIST_KEY_UISupportedInterfaceOrientations = UIInterfaceOrientationPortrait;
				INFOPLIST_KEY_UISupportedInterfaceOrientations_iPad = "UIInterfaceOrientationPortrait UIInterfaceOrientationPortraitUpsideDown UIInterfaceOrientationLandscapeLeft UIInterfaceOrientationLandscapeRight";
				INFOPLIST_KEY_UISupportedInterfaceOrientations_iPhone = "UIInterfaceOrientationPortrait UIInterfaceOrientationLandscapeLeft UIInterfaceOrientationLandscapeRight";
				LD_RUNPATH_SEARCH_PATHS = (
					"$(inherited)",
					"@executable_path/Frameworks",
				);
				MARKETING_VERSION = 1.0;
				PRODUCT_BUNDLE_IDENTIFIER = dev.golfetto.GitHubFollowers;
				PRODUCT_NAME = "$(TARGET_NAME)";
				SWIFT_EMIT_LOC_STRINGS = YES;
				SWIFT_VERSION = 5.0;
				TARGETED_DEVICE_FAMILY = 1;
			};
			name = Debug;
		};
		0E272D3B28678C3C001FB103 /* Release */ = {
			isa = XCBuildConfiguration;
			buildSettings = {
				ASSETCATALOG_COMPILER_APPICON_NAME = AppIcon;
				ASSETCATALOG_COMPILER_GLOBAL_ACCENT_COLOR_NAME = AccentColor;
				CODE_SIGN_STYLE = Automatic;
				CURRENT_PROJECT_VERSION = 1;
				DEVELOPMENT_TEAM = Q6A28X826V;
				GENERATE_INFOPLIST_FILE = YES;
				INFOPLIST_FILE = GitHubFollowers/Info.plist;
				INFOPLIST_KEY_UIApplicationSupportsIndirectInputEvents = YES;
				INFOPLIST_KEY_UILaunchStoryboardName = LaunchScreen;
				INFOPLIST_KEY_UISupportedInterfaceOrientations = UIInterfaceOrientationPortrait;
				INFOPLIST_KEY_UISupportedInterfaceOrientations_iPad = "UIInterfaceOrientationPortrait UIInterfaceOrientationPortraitUpsideDown UIInterfaceOrientationLandscapeLeft UIInterfaceOrientationLandscapeRight";
				INFOPLIST_KEY_UISupportedInterfaceOrientations_iPhone = "UIInterfaceOrientationPortrait UIInterfaceOrientationLandscapeLeft UIInterfaceOrientationLandscapeRight";
				LD_RUNPATH_SEARCH_PATHS = (
					"$(inherited)",
					"@executable_path/Frameworks",
				);
				MARKETING_VERSION = 1.0;
				PRODUCT_BUNDLE_IDENTIFIER = dev.golfetto.GitHubFollowers;
				PRODUCT_NAME = "$(TARGET_NAME)";
				SWIFT_EMIT_LOC_STRINGS = YES;
				SWIFT_VERSION = 5.0;
				TARGETED_DEVICE_FAMILY = 1;
			};
			name = Release;
		};
/* End XCBuildConfiguration section */

/* Begin XCConfigurationList section */
		0E272D2028678C35001FB103 /* Build configuration list for PBXProject "GitHubFollowers" */ = {
			isa = XCConfigurationList;
			buildConfigurations = (
				0E272D3728678C3C001FB103 /* Debug */,
				0E272D3828678C3C001FB103 /* Release */,
			);
			defaultConfigurationIsVisible = 0;
			defaultConfigurationName = Release;
		};
		0E272D3928678C3C001FB103 /* Build configuration list for PBXNativeTarget "GitHubFollowers" */ = {
			isa = XCConfigurationList;
			buildConfigurations = (
				0E272D3A28678C3C001FB103 /* Debug */,
				0E272D3B28678C3C001FB103 /* Release */,
			);
			defaultConfigurationIsVisible = 0;
			defaultConfigurationName = Release;
		};
/* End XCConfigurationList section */
	};
	rootObject = 0E272D1D28678C35001FB103 /* Project object */;
}
